{
    "name": "guessword",
    "version": "1.0.0",
    "lockfileVersion": 3,
    "requires": true,
    "packages": {
        "": {
            "name": "guessword",
            "version": "1.0.0",
            "license": "ISC",
            "devDependencies": {
                "@types/express": "^4.17.17",
                "@types/node": "^18.15.11",
                "typescript": "^5.0.4"
            }
        },
        "node_modules/@types/body-parser": {
            "version": "1.19.2",
            "dev": true,
            "license": "MIT",
            "dependencies": {
                "@types/connect": "*",
                "@types/node": "*"
            }
        },
        "node_modules/@types/connect": {
            "version": "3.4.35",
            "dev": true,
            "license": "MIT",
            "dependencies": {
                "@types/node": "*"
            }
        },
        "node_modules/@types/express": {
            "version": "4.17.17",
            "dev": true,
            "license": "MIT",
            "dependencies": {
                "@types/body-parser": "*",
                "@types/express-serve-static-core": "^4.17.33",
                "@types/qs": "*",
                "@types/serve-static": "*"
            }
        },
        "node_modules/@types/express-serve-static-core": {
            "version": "4.17.33",
            "dev": true,
            "license": "MIT",
            "dependencies": {
                "@types/node": "*",
                "@types/qs": "*",
                "@types/range-parser": "*"
            }
        },
        "node_modules/@types/mime": {
            "version": "3.0.1",
            "dev": true,
            "license": "MIT"
        },
        "node_modules/@types/node": {
            "version": "18.15.11",
            "dev": true,
            "license": "MIT"
        },
        "node_modules/@types/qs": {
            "version": "6.9.7",
            "dev": true,
            "license": "MIT"
        },
        "node_modules/@types/range-parser": {
            "version": "1.2.4",
            "dev": true,
            "license": "MIT"
        },
        "node_modules/@types/serve-static": {
            "version": "1.15.1",
            "dev": true,
            "license": "MIT",
            "dependencies": {
                "@types/mime": "*",
                "@types/node": "*"
            }
        },
        "node_modules/typescript": {
            "version": "5.0.4",
            "dev": true,
            "license": "Apache-2.0",
            "bin": {
                "tsc": "bin/tsc",
                "tsserver": "bin/tsserver"
            },
            "engines": {
                "node": ">=12.20"
            }
        }
    }
}
